
Microsoft Visual Studio Solution File, Format Version 12.00
# Visual Studio Version 17
VisualStudioVersion = 17.5.33424.131
MinimumVisualStudioVersion = 10.0.40219.1
Project("{FAE04EC0-301F-11D3-BF4B-00C04F79EFBC}") = "Project1", "Project1\Project1.csproj", "{192205B7-DBB5-4116-B473-04805D4771BC}"
EndProject
Global
	GlobalSection(SolutionConfigurationPlatforms) = preSolution
		Debug|Any CPU = Debug|Any CPU
		Release|Any CPU = Release|Any CPU
	EndGlobalSection
	GlobalSection(ProjectConfigurationPlatforms) = postSolution
		{192205B7-DBB5-4116-B473-04805D4771BC}.Debug|Any CPU.ActiveCfg = Debug|Any CPU
		{192205B7-DBB5-4116-B473-04805D4771BC}.Debug|Any CPU.Build.0 = Debug|Any CPU
		{192205B7-DBB5-4116-B473-04805D4771BC}.Release|Any CPU.ActiveCfg = Release|Any CPU
		{192205B7-DBB5-4116-B473-04805D4771BC}.Release|Any CPU.Build.0 = Release|Any CPU
	EndGlobalSection
	GlobalSection(SolutionProperties) = preSolution
		HideSolutionNode = FALSE
	EndGlobalSection
	GlobalSection(ExtensibilityGlobals) = postSolution
		SolutionGuid = {C47404C8-990D-4076-89F3-07305B126E11}
	EndGlobalSection
EndGlobal
